
Microsoft Visual Studio Solution File, Format Version 12.00
# Visual Studio Version 17
VisualStudioVersion = 17.1.32228.430
MinimumVisualStudioVersion = 10.0.40219.1
Project("{FAE04EC0-301F-11D3-BF4B-00C04F79EFBC}") = "AlenaTest", "AlenaTest\AlenaTest.csproj", "{E6DF3D86-7DBE-4218-AE2F-55146CEC3A65}"
EndProject
Global
	GlobalSection(SolutionConfigurationPlatforms) = preSolution
		Debug|Any CPU = Debug|Any CPU
		Release|Any CPU = Release|Any CPU
	EndGlobalSection
	GlobalSection(ProjectConfigurationPlatforms) = postSolution
		{E6DF3D86-7DBE-4218-AE2F-55146CEC3A65}.Debug|Any CPU.ActiveCfg = Debug|Any CPU
		{E6DF3D86-7DBE-4218-AE2F-55146CEC3A65}.Debug|Any CPU.Build.0 = Debug|Any CPU
		{E6DF3D86-7DBE-4218-AE2F-55146CEC3A65}.Release|Any CPU.ActiveCfg = Release|Any CPU
		{E6DF3D86-7DBE-4218-AE2F-55146CEC3A65}.Release|Any CPU.Build.0 = Release|Any CPU
	EndGlobalSection
	GlobalSection(SolutionProperties) = preSolution
		HideSolutionNode = FALSE
	EndGlobalSection
	GlobalSection(ExtensibilityGlobals) = postSolution
		SolutionGuid = {17F0D30B-82E3-4BB4-83A6-38559B795930}
	EndGlobalSection
EndGlobal
